
Microsoft Visual Studio Solution File, Format Version 12.00
# Visual Studio 14
VisualStudioVersion = 14.0.25420.1
MinimumVisualStudioVersion = 10.0.40219.1
Project("{FAE04EC0-301F-11D3-BF4B-00C04F79EFBC}") = "Admin", "Admin\Admin.csproj", "{360E0290-49AB-431A-92BB-F3515E03442D}"
EndProject
Project("{FAE04EC0-301F-11D3-BF4B-00C04F79EFBC}") = "XXCommon", "XXCommon\XXCommon.csproj", "{DAA632A4-1FB4-4F1C-8703-BE2B5F3BB359}"
EndProject
Project("{FAE04EC0-301F-11D3-BF4B-00C04F79EFBC}") = "XXModels", "XXModels\XXModels.csproj", "{637C2EA3-B219-45B2-A505-C2B8580EF300}"
EndProject
Project("{FAE04EC0-301F-11D3-BF4B-00C04F79EFBC}") = "XXData", "XXData\XXData.csproj", "{6414FB52-21C5-45E4-8846-50E5F3E8F395}"
EndProject
Project("{FAE04EC0-301F-11D3-BF4B-00C04F79EFBC}") = "XXBLL", "XXBLL\XXBLL.csproj", "{147FCF2B-11C7-4E06-A664-F7079F6421A6}"
EndProject
Global
	GlobalSection(SolutionConfigurationPlatforms) = preSolution
		Debug|Any CPU = Debug|Any CPU
		Release|Any CPU = Release|Any CPU
	EndGlobalSection
	GlobalSection(ProjectConfigurationPlatforms) = postSolution
		{360E0290-49AB-431A-92BB-F3515E03442D}.Debug|Any CPU.ActiveCfg = Debug|Any CPU
		{360E0290-49AB-431A-92BB-F3515E03442D}.Debug|Any CPU.Build.0 = Debug|Any CPU
		{360E0290-49AB-431A-92BB-F3515E03442D}.Release|Any CPU.ActiveCfg = Release|Any CPU
		{360E0290-49AB-431A-92BB-F3515E03442D}.Release|Any CPU.Build.0 = Release|Any CPU
		{DAA632A4-1FB4-4F1C-8703-BE2B5F3BB359}.Debug|Any CPU.ActiveCfg = Debug|Any CPU
		{DAA632A4-1FB4-4F1C-8703-BE2B5F3BB359}.Debug|Any CPU.Build.0 = Debug|Any CPU
		{DAA632A4-1FB4-4F1C-8703-BE2B5F3BB359}.Release|Any CPU.ActiveCfg = Release|Any CPU
		{DAA632A4-1FB4-4F1C-8703-BE2B5F3BB359}.Release|Any CPU.Build.0 = Release|Any CPU
		{637C2EA3-B219-45B2-A505-C2B8580EF300}.Debug|Any CPU.ActiveCfg = Debug|Any CPU
		{637C2EA3-B219-45B2-A505-C2B8580EF300}.Debug|Any CPU.Build.0 = Debug|Any CPU
		{637C2EA3-B219-45B2-A505-C2B8580EF300}.Release|Any CPU.ActiveCfg = Release|Any CPU
		{637C2EA3-B219-45B2-A505-C2B8580EF300}.Release|Any CPU.Build.0 = Release|Any CPU
		{6414FB52-21C5-45E4-8846-50E5F3E8F395}.Debug|Any CPU.ActiveCfg = Debug|Any CPU
		{6414FB52-21C5-45E4-8846-50E5F3E8F395}.Debug|Any CPU.Build.0 = Debug|Any CPU
		{6414FB52-21C5-45E4-8846-50E5F3E8F395}.Release|Any CPU.ActiveCfg = Release|Any CPU
		{6414FB52-21C5-45E4-8846-50E5F3E8F395}.Release|Any CPU.Build.0 = Release|Any CPU
		{147FCF2B-11C7-4E06-A664-F7079F6421A6}.Debug|Any CPU.ActiveCfg = Debug|Any CPU
		{147FCF2B-11C7-4E06-A664-F7079F6421A6}.Debug|Any CPU.Build.0 = Debug|Any CPU
		{147FCF2B-11C7-4E06-A664-F7079F6421A6}.Release|Any CPU.ActiveCfg = Release|Any CPU
		{147FCF2B-11C7-4E06-A664-F7079F6421A6}.Release|Any CPU.Build.0 = Release|Any CPU
	EndGlobalSection
	GlobalSection(SolutionProperties) = preSolution
		HideSolutionNode = FALSE
	EndGlobalSection
EndGlobal
